// !$*UTF8*$!
{
	archiveVersion = 1;
	classes = {
	};
	objectVersion = 51;
	objects = {

/* Begin PBXBuildFile section */
		064B354C463A7D051D93F391 /* Pods_RxMemo_RxMemoUITests.framework in Frameworks */ = {isa = PBXBuildFile; fileRef = 63A6B53A4E5EECB318016294 /* Pods_RxMemo_RxMemoUITests.framework */; };
		30D3743123DEE6AE85185C7D /* Pods_RxMemoTests.framework in Frameworks */ = {isa = PBXBuildFile; fileRef = 8A4BDC65C4B485BD17562FF6 /* Pods_RxMemoTests.framework */; };
		AE7BAF7F267E1E1200110BBD /* AppDelegate.swift in Sources */ = {isa = PBXBuildFile; fileRef = AE7BAF7E267E1E1200110BBD /* AppDelegate.swift */; };
		AE7BAF81267E1E1200110BBD /* SceneDelegate.swift in Sources */ = {isa = PBXBuildFile; fileRef = AE7BAF80267E1E1200110BBD /* SceneDelegate.swift */; };
		AE7BAF86267E1E1200110BBD /* Main.storyboard in Resources */ = {isa = PBXBuildFile; fileRef = AE7BAF84267E1E1200110BBD /* Main.storyboard */; };
		AE7BAF89267E1E1200110BBD /* RxMemo.xcdatamodeld in Sources */ = {isa = PBXBuildFile; fileRef = AE7BAF87267E1E1200110BBD /* RxMemo.xcdatamodeld */; };
		AE7BAF8B267E1E1300110BBD /* Assets.xcassets in Resources */ = {isa = PBXBuildFile; fileRef = AE7BAF8A267E1E1300110BBD /* Assets.xcassets */; };
		AE7BAF8E267E1E1300110BBD /* LaunchScreen.storyboard in Resources */ = {isa = PBXBuildFile; fileRef = AE7BAF8C267E1E1300110BBD /* LaunchScreen.storyboard */; };
		AE7BAF99267E1E1300110BBD /* RxMemoTests.swift in Sources */ = {isa = PBXBuildFile; fileRef = AE7BAF98267E1E1300110BBD /* RxMemoTests.swift */; };
		AE7BAFA4267E1E1300110BBD /* RxMemoUITests.swift in Sources */ = {isa = PBXBuildFile; fileRef = AE7BAFA3267E1E1300110BBD /* RxMemoUITests.swift */; };
		AEBD63BA267E252A00D9E7C1 /* Memo.swift in Sources */ = {isa = PBXBuildFile; fileRef = AEBD63B9267E252A00D9E7C1 /* Memo.swift */; };
		AEBD63BC267E265600D9E7C1 /* MemoStorageType.swift in Sources */ = {isa = PBXBuildFile; fileRef = AEBD63BB267E265600D9E7C1 /* MemoStorageType.swift */; };
		AEBD63C0267E285C00D9E7C1 /* MemoryStorage.swift in Sources */ = {isa = PBXBuildFile; fileRef = AEBD63BF267E285C00D9E7C1 /* MemoryStorage.swift */; };
		AEBD63C2267E2F0400D9E7C1 /* MemosViewController.swift in Sources */ = {isa = PBXBuildFile; fileRef = AEBD63C1267E2F0400D9E7C1 /* MemosViewController.swift */; };
		AEBD63C4267E2F3E00D9E7C1 /* MemoDetailViewController.swift in Sources */ = {isa = PBXBuildFile; fileRef = AEBD63C3267E2F3E00D9E7C1 /* MemoDetailViewController.swift */; };
		AEBD63C6267E2F6100D9E7C1 /* MemoComposeViewController.swift in Sources */ = {isa = PBXBuildFile; fileRef = AEBD63C5267E2F6100D9E7C1 /* MemoComposeViewController.swift */; };
		AEBD63C8267E2FB900D9E7C1 /* MemosViewModel.swift in Sources */ = {isa = PBXBuildFile; fileRef = AEBD63C7267E2FB900D9E7C1 /* MemosViewModel.swift */; };
		AEBD63CA267E2FE400D9E7C1 /* MemoDetailViewModel.swift in Sources */ = {isa = PBXBuildFile; fileRef = AEBD63C9267E2FE400D9E7C1 /* MemoDetailViewModel.swift */; };
		AEBD63CC267E300600D9E7C1 /* MemoComposeViewModel.swift in Sources */ = {isa = PBXBuildFile; fileRef = AEBD63CB267E300600D9E7C1 /* MemoComposeViewModel.swift */; };
		AEBD63CE267E30C600D9E7C1 /* ViewModelBindableType.swift in Sources */ = {isa = PBXBuildFile; fileRef = AEBD63CD267E30C600D9E7C1 /* ViewModelBindableType.swift */; };
		FAB029005FBF585BC5A8BDB9 /* Pods_RxMemo.framework in Frameworks */ = {isa = PBXBuildFile; fileRef = 267B5355EB9C53948D85993B /* Pods_RxMemo.framework */; };
/* End PBXBuildFile section */

/* Begin PBXContainerItemProxy section */
		AE7BAF95267E1E1300110BBD /* PBXContainerItemProxy */ = {
			isa = PBXContainerItemProxy;
			containerPortal = AE7BAF73267E1E1200110BBD /* Project object */;
			proxyType = 1;
			remoteGlobalIDString = AE7BAF7A267E1E1200110BBD;
			remoteInfo = RxMemo;
		};
		AE7BAFA0267E1E1300110BBD /* PBXContainerItemProxy */ = {
			isa = PBXContainerItemProxy;
			containerPortal = AE7BAF73267E1E1200110BBD /* Project object */;
			proxyType = 1;
			remoteGlobalIDString = AE7BAF7A267E1E1200110BBD;
			remoteInfo = RxMemo;
		};
/* End PBXContainerItemProxy section */

/* Begin PBXFileReference section */
		0895B71F2108EC446CDB03F0 /* Pods-RxMemo-RxMemoUITests.release.xcconfig */ = {isa = PBXFileReference; includeInIndex = 1; lastKnownFileType = text.xcconfig; name = "Pods-RxMemo-RxMemoUITests.release.xcconfig"; path = "Target Support Files/Pods-RxMemo-RxMemoUITests/Pods-RxMemo-RxMemoUITests.release.xcconfig"; sourceTree = "<group>"; };
		267B5355EB9C53948D85993B /* Pods_RxMemo.framework */ = {isa = PBXFileReference; explicitFileType = wrapper.framework; includeInIndex = 0; path = Pods_RxMemo.framework; sourceTree = BUILT_PRODUCTS_DIR; };
		32F2DA4939054281E243C127 /* Pods-RxMemo.debug.xcconfig */ = {isa = PBXFileReference; includeInIndex = 1; lastKnownFileType = text.xcconfig; name = "Pods-RxMemo.debug.xcconfig"; path = "Target Support Files/Pods-RxMemo/Pods-RxMemo.debug.xcconfig"; sourceTree = "<group>"; };
		46603AC06C412669658D91EF /* Pods-RxMemo-RxMemoUITests.debug.xcconfig */ = {isa = PBXFileReference; includeInIndex = 1; lastKnownFileType = text.xcconfig; name = "Pods-RxMemo-RxMemoUITests.debug.xcconfig"; path = "Target Support Files/Pods-RxMemo-RxMemoUITests/Pods-RxMemo-RxMemoUITests.debug.xcconfig"; sourceTree = "<group>"; };
		488E16CBA7E150B32B93B88C /* Pods-RxMemoTests.release.xcconfig */ = {isa = PBXFileReference; includeInIndex = 1; lastKnownFileType = text.xcconfig; name = "Pods-RxMemoTests.release.xcconfig"; path = "Target Support Files/Pods-RxMemoTests/Pods-RxMemoTests.release.xcconfig"; sourceTree = "<group>"; };
		63A6B53A4E5EECB318016294 /* Pods_RxMemo_RxMemoUITests.framework */ = {isa = PBXFileReference; explicitFileType = wrapper.framework; includeInIndex = 0; path = Pods_RxMemo_RxMemoUITests.framework; sourceTree = BUILT_PRODUCTS_DIR; };
		8A4BDC65C4B485BD17562FF6 /* Pods_RxMemoTests.framework */ = {isa = PBXFileReference; explicitFileType = wrapper.framework; includeInIndex = 0; path = Pods_RxMemoTests.framework; sourceTree = BUILT_PRODUCTS_DIR; };
		AE7BAF7B267E1E1200110BBD /* RxMemo.app */ = {isa = PBXFileReference; explicitFileType = wrapper.application; includeInIndex = 0; path = RxMemo.app; sourceTree = BUILT_PRODUCTS_DIR; };
		AE7BAF7E267E1E1200110BBD /* AppDelegate.swift */ = {isa = PBXFileReference; lastKnownFileType = sourcecode.swift; path = AppDelegate.swift; sourceTree = "<group>"; };
		AE7BAF80267E1E1200110BBD /* SceneDelegate.swift */ = {isa = PBXFileReference; lastKnownFileType = sourcecode.swift; path = SceneDelegate.swift; sourceTree = "<group>"; };
		AE7BAF85267E1E1200110BBD /* Base */ = {isa = PBXFileReference; lastKnownFileType = file.storyboard; name = Base; path = Base.lproj/Main.storyboard; sourceTree = "<group>"; };
		AE7BAF88267E1E1200110BBD /* RxMemo.xcdatamodel */ = {isa = PBXFileReference; lastKnownFileType = wrapper.xcdatamodel; path = RxMemo.xcdatamodel; sourceTree = "<group>"; };
		AE7BAF8A267E1E1300110BBD /* Assets.xcassets */ = {isa = PBXFileReference; lastKnownFileType = folder.assetcatalog; path = Assets.xcassets; sourceTree = "<group>"; };
		AE7BAF8D267E1E1300110BBD /* Base */ = {isa = PBXFileReference; lastKnownFileType = file.storyboard; name = Base; path = Base.lproj/LaunchScreen.storyboard; sourceTree = "<group>"; };
		AE7BAF8F267E1E1300110BBD /* Info.plist */ = {isa = PBXFileReference; lastKnownFileType = text.plist.xml; path = Info.plist; sourceTree = "<group>"; };
		AE7BAF94267E1E1300110BBD /* RxMemoTests.xctest */ = {isa = PBXFileReference; explicitFileType = wrapper.cfbundle; includeInIndex = 0; path = RxMemoTests.xctest; sourceTree = BUILT_PRODUCTS_DIR; };
		AE7BAF98267E1E1300110BBD /* RxMemoTests.swift */ = {isa = PBXFileReference; lastKnownFileType = sourcecode.swift; path = RxMemoTests.swift; sourceTree = "<group>"; };
		AE7BAF9A267E1E1300110BBD /* Info.plist */ = {isa = PBXFileReference; lastKnownFileType = text.plist.xml; path = Info.plist; sourceTree = "<group>"; };
		AE7BAF9F267E1E1300110BBD /* RxMemoUITests.xctest */ = {isa = PBXFileReference; explicitFileType = wrapper.cfbundle; includeInIndex = 0; path = RxMemoUITests.xctest; sourceTree = BUILT_PRODUCTS_DIR; };
		AE7BAFA3267E1E1300110BBD /* RxMemoUITests.swift */ = {isa = PBXFileReference; lastKnownFileType = sourcecode.swift; path = RxMemoUITests.swift; sourceTree = "<group>"; };
		AE7BAFA5267E1E1300110BBD /* Info.plist */ = {isa = PBXFileReference; lastKnownFileType = text.plist.xml; path = Info.plist; sourceTree = "<group>"; };
		AEBD63B9267E252A00D9E7C1 /* Memo.swift */ = {isa = PBXFileReference; lastKnownFileType = sourcecode.swift; path = Memo.swift; sourceTree = "<group>"; };
		AEBD63BB267E265600D9E7C1 /* MemoStorageType.swift */ = {isa = PBXFileReference; lastKnownFileType = sourcecode.swift; path = MemoStorageType.swift; sourceTree = "<group>"; };
		AEBD63BF267E285C00D9E7C1 /* MemoryStorage.swift */ = {isa = PBXFileReference; lastKnownFileType = sourcecode.swift; path = MemoryStorage.swift; sourceTree = "<group>"; };
		AEBD63C1267E2F0400D9E7C1 /* MemosViewController.swift */ = {isa = PBXFileReference; lastKnownFileType = sourcecode.swift; path = MemosViewController.swift; sourceTree = "<group>"; };
		AEBD63C3267E2F3E00D9E7C1 /* MemoDetailViewController.swift */ = {isa = PBXFileReference; lastKnownFileType = sourcecode.swift; path = MemoDetailViewController.swift; sourceTree = "<group>"; };
		AEBD63C5267E2F6100D9E7C1 /* MemoComposeViewController.swift */ = {isa = PBXFileReference; lastKnownFileType = sourcecode.swift; path = MemoComposeViewController.swift; sourceTree = "<group>"; };
		AEBD63C7267E2FB900D9E7C1 /* MemosViewModel.swift */ = {isa = PBXFileReference; lastKnownFileType = sourcecode.swift; path = MemosViewModel.swift; sourceTree = "<group>"; };
		AEBD63C9267E2FE400D9E7C1 /* MemoDetailViewModel.swift */ = {isa = PBXFileReference; lastKnownFileType = sourcecode.swift; path = MemoDetailViewModel.swift; sourceTree = "<group>"; };
		AEBD63CB267E300600D9E7C1 /* MemoComposeViewModel.swift */ = {isa = PBXFileReference; lastKnownFileType = sourcecode.swift; path = MemoComposeViewModel.swift; sourceTree = "<group>"; };
		AEBD63CD267E30C600D9E7C1 /* ViewModelBindableType.swift */ = {isa = PBXFileReference; lastKnownFileType = sourcecode.swift; path = ViewModelBindableType.swift; sourceTree = "<group>"; };
		C19BB335A2A23749D25FFCA2 /* Pods-RxMemo.release.xcconfig */ = {isa = PBXFileReference; includeInIndex = 1; lastKnownFileType = text.xcconfig; name = "Pods-RxMemo.release.xcconfig"; path = "Target Support Files/Pods-RxMemo/Pods-RxMemo.release.xcconfig"; sourceTree = "<group>"; };
		CB907CE9FE6E28F72855C5B7 /* Pods-RxMemoTests.debug.xcconfig */ = {isa = PBXFileReference; includeInIndex = 1; lastKnownFileType = text.xcconfig; name = "Pods-RxMemoTests.debug.xcconfig"; path = "Target Support Files/Pods-RxMemoTests/Pods-RxMemoTests.debug.xcconfig"; sourceTree = "<group>"; };
/* End PBXFileReference section */

/* Begin PBXFrameworksBuildPhase section */
		AE7BAF78267E1E1200110BBD /* Frameworks */ = {
			isa = PBXFrameworksBuildPhase;
			buildActionMask = 2147483647;
			files = (
				FAB029005FBF585BC5A8BDB9 /* Pods_RxMemo.framework in Frameworks */,
			);
			runOnlyForDeploymentPostprocessing = 0;
		};
		AE7BAF91267E1E1300110BBD /* Frameworks */ = {
			isa = PBXFrameworksBuildPhase;
			buildActionMask = 2147483647;
			files = (
				30D3743123DEE6AE85185C7D /* Pods_RxMemoTests.framework in Frameworks */,
			);
			runOnlyForDeploymentPostprocessing = 0;
		};
		AE7BAF9C267E1E1300110BBD /* Frameworks */ = {
			isa = PBXFrameworksBuildPhase;
			buildActionMask = 2147483647;
			files = (
				064B354C463A7D051D93F391 /* Pods_RxMemo_RxMemoUITests.framework in Frameworks */,
			);
			runOnlyForDeploymentPostprocessing = 0;
		};
/* End PBXFrameworksBuildPhase section */

/* Begin PBXGroup section */
		AE7BAF72267E1E1200110BBD = {
			isa = PBXGroup;
			children = (
				AE7BAF7D267E1E1200110BBD /* RxMemo */,
				AE7BAF97267E1E1300110BBD /* RxMemoTests */,
				AE7BAFA2267E1E1300110BBD /* RxMemoUITests */,
				AE7BAF7C267E1E1200110BBD /* Products */,
				D9190DC7DC1D274DF04BE542 /* Pods */,
				D0BE93A101A8CE1A6D18FC6E /* Frameworks */,
			);
			sourceTree = "<group>";
		};
		AE7BAF7C267E1E1200110BBD /* Products */ = {
			isa = PBXGroup;
			children = (
				AE7BAF7B267E1E1200110BBD /* RxMemo.app */,
				AE7BAF94267E1E1300110BBD /* RxMemoTests.xctest */,
				AE7BAF9F267E1E1300110BBD /* RxMemoUITests.xctest */,
			);
			name = Products;
			sourceTree = "<group>";
		};
		AE7BAF7D267E1E1200110BBD /* RxMemo */ = {
			isa = PBXGroup;
			children = (
				AEBD63B8267E228D00D9E7C1 /* Scene */,
				AEBD63B7267E227A00D9E7C1 /* Service */,
				AEBD63B6267E225E00D9E7C1 /* ViewModel */,
				AEBD63B5267E224200D9E7C1 /* ViewController */,
				AEBD63B4267E223C00D9E7C1 /* Model */,
				AE7BAF7E267E1E1200110BBD /* AppDelegate.swift */,
				AE7BAF80267E1E1200110BBD /* SceneDelegate.swift */,
				AE7BAF8A267E1E1300110BBD /* Assets.xcassets */,
				AE7BAF8F267E1E1300110BBD /* Info.plist */,
			);
			path = RxMemo;
			sourceTree = "<group>";
		};
		AE7BAF97267E1E1300110BBD /* RxMemoTests */ = {
			isa = PBXGroup;
			children = (
				AE7BAF98267E1E1300110BBD /* RxMemoTests.swift */,
				AE7BAF9A267E1E1300110BBD /* Info.plist */,
			);
			path = RxMemoTests;
			sourceTree = "<group>";
		};
		AE7BAFA2267E1E1300110BBD /* RxMemoUITests */ = {
			isa = PBXGroup;
			children = (
				AE7BAFA3267E1E1300110BBD /* RxMemoUITests.swift */,
				AE7BAFA5267E1E1300110BBD /* Info.plist */,
			);
			path = RxMemoUITests;
			sourceTree = "<group>";
		};
		AEBD63B4267E223C00D9E7C1 /* Model */ = {
			isa = PBXGroup;
			children = (
				AEBD63B9267E252A00D9E7C1 /* Memo.swift */,
			);
			path = Model;
			sourceTree = "<group>";
		};
		AEBD63B5267E224200D9E7C1 /* ViewController */ = {
			isa = PBXGroup;
			children = (
				AE7BAF84267E1E1200110BBD /* Main.storyboard */,
				AE7BAF8C267E1E1300110BBD /* LaunchScreen.storyboard */,
				AEBD63C1267E2F0400D9E7C1 /* MemosViewController.swift */,
				AEBD63C3267E2F3E00D9E7C1 /* MemoDetailViewController.swift */,
				AEBD63C5267E2F6100D9E7C1 /* MemoComposeViewController.swift */,
				AEBD63CD267E30C600D9E7C1 /* ViewModelBindableType.swift */,
			);
			path = ViewController;
			sourceTree = "<group>";
		};
		AEBD63B6267E225E00D9E7C1 /* ViewModel */ = {
			isa = PBXGroup;
			children = (
				AEBD63C7267E2FB900D9E7C1 /* MemosViewModel.swift */,
				AEBD63C9267E2FE400D9E7C1 /* MemoDetailViewModel.swift */,
				AEBD63CB267E300600D9E7C1 /* MemoComposeViewModel.swift */,
			);
			path = ViewModel;
			sourceTree = "<group>";
		};
		AEBD63B7267E227A00D9E7C1 /* Service */ = {
			isa = PBXGroup;
			children = (
				AEBD63BE267E281500D9E7C1 /* CoreDataStorage */,
				AEBD63BD267E280200D9E7C1 /* MemoryStorage */,
				AEBD63BB267E265600D9E7C1 /* MemoStorageType.swift */,
			);
			path = Service;
			sourceTree = "<group>";
		};
		AEBD63B8267E228D00D9E7C1 /* Scene */ = {
			isa = PBXGroup;
			children = (
			);
			path = Scene;
			sourceTree = "<group>";
		};
		AEBD63BD267E280200D9E7C1 /* MemoryStorage */ = {
			isa = PBXGroup;
			children = (
				AEBD63BF267E285C00D9E7C1 /* MemoryStorage.swift */,
			);
			path = MemoryStorage;
			sourceTree = "<group>";
		};
		AEBD63BE267E281500D9E7C1 /* CoreDataStorage */ = {
			isa = PBXGroup;
			children = (
				AE7BAF87267E1E1200110BBD /* RxMemo.xcdatamodeld */,
			);
			path = CoreDataStorage;
			sourceTree = "<group>";
		};
		D0BE93A101A8CE1A6D18FC6E /* Frameworks */ = {
			isa = PBXGroup;
			children = (
				267B5355EB9C53948D85993B /* Pods_RxMemo.framework */,
				63A6B53A4E5EECB318016294 /* Pods_RxMemo_RxMemoUITests.framework */,
				8A4BDC65C4B485BD17562FF6 /* Pods_RxMemoTests.framework */,
			);
			name = Frameworks;
			sourceTree = "<group>";
		};
		D9190DC7DC1D274DF04BE542 /* Pods */ = {
			isa = PBXGroup;
			children = (
				32F2DA4939054281E243C127 /* Pods-RxMemo.debug.xcconfig */,
				C19BB335A2A23749D25FFCA2 /* Pods-RxMemo.release.xcconfig */,
				46603AC06C412669658D91EF /* Pods-RxMemo-RxMemoUITests.debug.xcconfig */,
				0895B71F2108EC446CDB03F0 /* Pods-RxMemo-RxMemoUITests.release.xcconfig */,
				CB907CE9FE6E28F72855C5B7 /* Pods-RxMemoTests.debug.xcconfig */,
				488E16CBA7E150B32B93B88C /* Pods-RxMemoTests.release.xcconfig */,
			);
			path = Pods;
			sourceTree = "<group>";
		};
/* End PBXGroup section */

/* Begin PBXNativeTarget section */
		AE7BAF7A267E1E1200110BBD /* RxMemo */ = {
			isa = PBXNativeTarget;
			buildConfigurationList = AE7BAFA8267E1E1300110BBD /* Build configuration list for PBXNativeTarget "RxMemo" */;
			buildPhases = (
				04D8476828F16CB17404EEF6 /* [CP] Check Pods Manifest.lock */,
				AE7BAF77267E1E1200110BBD /* Sources */,
				AE7BAF78267E1E1200110BBD /* Frameworks */,
				AE7BAF79267E1E1200110BBD /* Resources */,
				6695C302D35F6FF5BCF9BA0D /* [CP] Embed Pods Frameworks */,
			);
			buildRules = (
			);
			dependencies = (
			);
			name = RxMemo;
			productName = RxMemo;
			productReference = AE7BAF7B267E1E1200110BBD /* RxMemo.app */;
			productType = "com.apple.product-type.application";
		};
		AE7BAF93267E1E1300110BBD /* RxMemoTests */ = {
			isa = PBXNativeTarget;
			buildConfigurationList = AE7BAFAB267E1E1300110BBD /* Build configuration list for PBXNativeTarget "RxMemoTests" */;
			buildPhases = (
				9AF6DA1DFD18C953A8398122 /* [CP] Check Pods Manifest.lock */,
				AE7BAF90267E1E1300110BBD /* Sources */,
				AE7BAF91267E1E1300110BBD /* Frameworks */,
				AE7BAF92267E1E1300110BBD /* Resources */,
			);
			buildRules = (
			);
			dependencies = (
				AE7BAF96267E1E1300110BBD /* PBXTargetDependency */,
			);
			name = RxMemoTests;
			productName = RxMemoTests;
			productReference = AE7BAF94267E1E1300110BBD /* RxMemoTests.xctest */;
			productType = "com.apple.product-type.bundle.unit-test";
		};
		AE7BAF9E267E1E1300110BBD /* RxMemoUITests */ = {
			isa = PBXNativeTarget;
			buildConfigurationList = AE7BAFAE267E1E1300110BBD /* Build configuration list for PBXNativeTarget "RxMemoUITests" */;
			buildPhases = (
				D3BAA41E2E0D7F19FD7B4E38 /* [CP] Check Pods Manifest.lock */,
				AE7BAF9B267E1E1300110BBD /* Sources */,
				AE7BAF9C267E1E1300110BBD /* Frameworks */,
				AE7BAF9D267E1E1300110BBD /* Resources */,
				1EADD1A7EEC9046EC6D12867 /* [CP] Embed Pods Frameworks */,
			);
			buildRules = (
			);
			dependencies = (
				AE7BAFA1267E1E1300110BBD /* PBXTargetDependency */,
			);
			name = RxMemoUITests;
			productName = RxMemoUITests;
			productReference = AE7BAF9F267E1E1300110BBD /* RxMemoUITests.xctest */;
			productType = "com.apple.product-type.bundle.ui-testing";
		};
/* End PBXNativeTarget section */

/* Begin PBXProject section */
		AE7BAF73267E1E1200110BBD /* Project object */ = {
			isa = PBXProject;
			attributes = {
				LastSwiftUpdateCheck = 1250;
				LastUpgradeCheck = 1250;
				TargetAttributes = {
					AE7BAF7A267E1E1200110BBD = {
						CreatedOnToolsVersion = 12.5;
					};
					AE7BAF93267E1E1300110BBD = {
						CreatedOnToolsVersion = 12.5;
						TestTargetID = AE7BAF7A267E1E1200110BBD;
					};
					AE7BAF9E267E1E1300110BBD = {
						CreatedOnToolsVersion = 12.5;
						TestTargetID = AE7BAF7A267E1E1200110BBD;
					};
				};
			};
			buildConfigurationList = AE7BAF76267E1E1200110BBD /* Build configuration list for PBXProject "RxMemo" */;
			compatibilityVersion = "Xcode 9.3";
			developmentRegion = en;
			hasScannedForEncodings = 0;
			knownRegions = (
				en,
				Base,
			);
			mainGroup = AE7BAF72267E1E1200110BBD;
			productRefGroup = AE7BAF7C267E1E1200110BBD /* Products */;
			projectDirPath = "";
			projectRoot = "";
			targets = (
				AE7BAF7A267E1E1200110BBD /* RxMemo */,
				AE7BAF93267E1E1300110BBD /* RxMemoTests */,
				AE7BAF9E267E1E1300110BBD /* RxMemoUITests */,
			);
		};
/* End PBXProject section */

/* Begin PBXResourcesBuildPhase section */
		AE7BAF79267E1E1200110BBD /* Resources */ = {
			isa = PBXResourcesBuildPhase;
			buildActionMask = 2147483647;
			files = (
				AE7BAF8E267E1E1300110BBD /* LaunchScreen.storyboard in Resources */,
				AE7BAF8B267E1E1300110BBD /* Assets.xcassets in Resources */,
				AE7BAF86267E1E1200110BBD /* Main.storyboard in Resources */,
			);
			runOnlyForDeploymentPostprocessing = 0;
		};
		AE7BAF92267E1E1300110BBD /* Resources */ = {
			isa = PBXResourcesBuildPhase;
			buildActionMask = 2147483647;
			files = (
			);
			runOnlyForDeploymentPostprocessing = 0;
		};
		AE7BAF9D267E1E1300110BBD /* Resources */ = {
			isa = PBXResourcesBuildPhase;
			buildActionMask = 2147483647;
			files = (
			);
			runOnlyForDeploymentPostprocessing = 0;
		};
/* End PBXResourcesBuildPhase section */

/* Begin PBXShellScriptBuildPhase section */
		04D8476828F16CB17404EEF6 /* [CP] Check Pods Manifest.lock */ = {
			isa = PBXShellScriptBuildPhase;
			buildActionMask = 2147483647;
			files = (
			);
			inputFileListPaths = (
			);
			inputPaths = (
				"${PODS_PODFILE_DIR_PATH}/Podfile.lock",
				"${PODS_ROOT}/Manifest.lock",
			);
			name = "[CP] Check Pods Manifest.lock";
			outputFileListPaths = (
			);
			outputPaths = (
				"$(DERIVED_FILE_DIR)/Pods-RxMemo-checkManifestLockResult.txt",
			);
			runOnlyForDeploymentPostprocessing = 0;
			shellPath = /bin/sh;
			shellScript = "diff \"${PODS_PODFILE_DIR_PATH}/Podfile.lock\" \"${PODS_ROOT}/Manifest.lock\" > /dev/null\nif [ $? != 0 ] ; then\n    # print error to STDERR\n    echo \"error: The sandbox is not in sync with the Podfile.lock. Run 'pod install' or update your CocoaPods installation.\" >&2\n    exit 1\nfi\n# This output is used by Xcode 'outputs' to avoid re-running this script phase.\necho \"SUCCESS\" > \"${SCRIPT_OUTPUT_FILE_0}\"\n";
			showEnvVarsInLog = 0;
		};
		1EADD1A7EEC9046EC6D12867 /* [CP] Embed Pods Frameworks */ = {
			isa = PBXShellScriptBuildPhase;
			buildActionMask = 2147483647;
			files = (
			);
			inputFileListPaths = (
				"${PODS_ROOT}/Target Support Files/Pods-RxMemo-RxMemoUITests/Pods-RxMemo-RxMemoUITests-frameworks-${CONFIGURATION}-input-files.xcfilelist",
			);
			name = "[CP] Embed Pods Frameworks";
			outputFileListPaths = (
				"${PODS_ROOT}/Target Support Files/Pods-RxMemo-RxMemoUITests/Pods-RxMemo-RxMemoUITests-frameworks-${CONFIGURATION}-output-files.xcfilelist",
			);
			runOnlyForDeploymentPostprocessing = 0;
			shellPath = /bin/sh;
			shellScript = "\"${PODS_ROOT}/Target Support Files/Pods-RxMemo-RxMemoUITests/Pods-RxMemo-RxMemoUITests-frameworks.sh\"\n";
			showEnvVarsInLog = 0;
		};
		6695C302D35F6FF5BCF9BA0D /* [CP] Embed Pods Frameworks */ = {
			isa = PBXShellScriptBuildPhase;
			buildActionMask = 2147483647;
			files = (
			);
			inputFileListPaths = (
				"${PODS_ROOT}/Target Support Files/Pods-RxMemo/Pods-RxMemo-frameworks-${CONFIGURATION}-input-files.xcfilelist",
			);
			name = "[CP] Embed Pods Frameworks";
			outputFileListPaths = (
				"${PODS_ROOT}/Target Support Files/Pods-RxMemo/Pods-RxMemo-frameworks-${CONFIGURATION}-output-files.xcfilelist",
			);
			runOnlyForDeploymentPostprocessing = 0;
			shellPath = /bin/sh;
			shellScript = "\"${PODS_ROOT}/Target Support Files/Pods-RxMemo/Pods-RxMemo-frameworks.sh\"\n";
			showEnvVarsInLog = 0;
		};
		9AF6DA1DFD18C953A8398122 /* [CP] Check Pods Manifest.lock */ = {
			isa = PBXShellScriptBuildPhase;
			buildActionMask = 2147483647;
			files = (
			);
			inputFileListPaths = (
			);
			inputPaths = (
				"${PODS_PODFILE_DIR_PATH}/Podfile.lock",
				"${PODS_ROOT}/Manifest.lock",
			);
			name = "[CP] Check Pods Manifest.lock";
			outputFileListPaths = (
			);
			outputPaths = (
				"$(DERIVED_FILE_DIR)/Pods-RxMemoTests-checkManifestLockResult.txt",
			);
			runOnlyForDeploymentPostprocessing = 0;
			shellPath = /bin/sh;
			shellScript = "diff \"${PODS_PODFILE_DIR_PATH}/Podfile.lock\" \"${PODS_ROOT}/Manifest.lock\" > /dev/null\nif [ $? != 0 ] ; then\n    # print error to STDERR\n    echo \"error: The sandbox is not in sync with the Podfile.lock. Run 'pod install' or update your CocoaPods installation.\" >&2\n    exit 1\nfi\n# This output is used by Xcode 'outputs' to avoid re-running this script phase.\necho \"SUCCESS\" > \"${SCRIPT_OUTPUT_FILE_0}\"\n";
			showEnvVarsInLog = 0;
		};
		D3BAA41E2E0D7F19FD7B4E38 /* [CP] Check Pods Manifest.lock */ = {
			isa = PBXShellScriptBuildPhase;
			buildActionMask = 2147483647;
			files = (
			);
			inputFileListPaths = (
			);
			inputPaths = (
				"${PODS_PODFILE_DIR_PATH}/Podfile.lock",
				"${PODS_ROOT}/Manifest.lock",
			);
			name = "[CP] Check Pods Manifest.lock";
			outputFileListPaths = (
			);
			outputPaths = (
				"$(DERIVED_FILE_DIR)/Pods-RxMemo-RxMemoUITests-checkManifestLockResult.txt",
			);
			runOnlyForDeploymentPostprocessing = 0;
			shellPath = /bin/sh;
			shellScript = "diff \"${PODS_PODFILE_DIR_PATH}/Podfile.lock\" \"${PODS_ROOT}/Manifest.lock\" > /dev/null\nif [ $? != 0 ] ; then\n    # print error to STDERR\n    echo \"error: The sandbox is not in sync with the Podfile.lock. Run 'pod install' or update your CocoaPods installation.\" >&2\n    exit 1\nfi\n# This output is used by Xcode 'outputs' to avoid re-running this script phase.\necho \"SUCCESS\" > \"${SCRIPT_OUTPUT_FILE_0}\"\n";
			showEnvVarsInLog = 0;
		};
/* End PBXShellScriptBuildPhase section */

/* Begin PBXSourcesBuildPhase section */
		AE7BAF77267E1E1200110BBD /* Sources */ = {
			isa = PBXSourcesBuildPhase;
			buildActionMask = 2147483647;
			files = (
				AEBD63C0267E285C00D9E7C1 /* MemoryStorage.swift in Sources */,
				AEBD63CC267E300600D9E7C1 /* MemoComposeViewModel.swift in Sources */,
				AEBD63C4267E2F3E00D9E7C1 /* MemoDetailViewController.swift in Sources */,
				AEBD63CE267E30C600D9E7C1 /* ViewModelBindableType.swift in Sources */,
				AE7BAF7F267E1E1200110BBD /* AppDelegate.swift in Sources */,
				AEBD63BC267E265600D9E7C1 /* MemoStorageType.swift in Sources */,
				AEBD63C8267E2FB900D9E7C1 /* MemosViewModel.swift in Sources */,
				AE7BAF81267E1E1200110BBD /* SceneDelegate.swift in Sources */,
				AE7BAF89267E1E1200110BBD /* RxMemo.xcdatamodeld in Sources */,
				AEBD63CA267E2FE400D9E7C1 /* MemoDetailViewModel.swift in Sources */,
				AEBD63C2267E2F0400D9E7C1 /* MemosViewController.swift in Sources */,
				AEBD63C6267E2F6100D9E7C1 /* MemoComposeViewController.swift in Sources */,
				AEBD63BA267E252A00D9E7C1 /* Memo.swift in Sources */,
			);
			runOnlyForDeploymentPostprocessing = 0;
		};
		AE7BAF90267E1E1300110BBD /* Sources */ = {
			isa = PBXSourcesBuildPhase;
			buildActionMask = 2147483647;
			files = (
				AE7BAF99267E1E1300110BBD /* RxMemoTests.swift in Sources */,
			);
			runOnlyForDeploymentPostprocessing = 0;
		};
		AE7BAF9B267E1E1300110BBD /* Sources */ = {
			isa = PBXSourcesBuildPhase;
			buildActionMask = 2147483647;
			files = (
				AE7BAFA4267E1E1300110BBD /* RxMemoUITests.swift in Sources */,
			);
			runOnlyForDeploymentPostprocessing = 0;
		};
/* End PBXSourcesBuildPhase section */

/* Begin PBXTargetDependency section */
		AE7BAF96267E1E1300110BBD /* PBXTargetDependency */ = {
			isa = PBXTargetDependency;
			target = AE7BAF7A267E1E1200110BBD /* RxMemo */;
			targetProxy = AE7BAF95267E1E1300110BBD /* PBXContainerItemProxy */;
		};
		AE7BAFA1267E1E1300110BBD /* PBXTargetDependency */ = {
			isa = PBXTargetDependency;
			target = AE7BAF7A267E1E1200110BBD /* RxMemo */;
			targetProxy = AE7BAFA0267E1E1300110BBD /* PBXContainerItemProxy */;
		};
/* End PBXTargetDependency section */

/* Begin PBXVariantGroup section */
		AE7BAF84267E1E1200110BBD /* Main.storyboard */ = {
			isa = PBXVariantGroup;
			children = (
				AE7BAF85267E1E1200110BBD /* Base */,
			);
			name = Main.storyboard;
			sourceTree = "<group>";
		};
		AE7BAF8C267E1E1300110BBD /* LaunchScreen.storyboard */ = {
			isa = PBXVariantGroup;
			children = (
				AE7BAF8D267E1E1300110BBD /* Base */,
			);
			name = LaunchScreen.storyboard;
			sourceTree = "<group>";
		};
/* End PBXVariantGroup section */

/* Begin XCBuildConfiguration section */
		AE7BAFA6267E1E1300110BBD /* Debug */ = {
			isa = XCBuildConfiguration;
			buildSettings = {
				ALWAYS_SEARCH_USER_PATHS = NO;
				CLANG_ANALYZER_NONNULL = YES;
				CLANG_ANALYZER_NUMBER_OBJECT_CONVERSION = YES_AGGRESSIVE;
				CLANG_CXX_LANGUAGE_STANDARD = "gnu++14";
				CLANG_CXX_LIBRARY = "libc++";
				CLANG_ENABLE_MODULES = YES;
				CLANG_ENABLE_OBJC_ARC = YES;
				CLANG_ENABLE_OBJC_WEAK = YES;
				CLANG_WARN_BLOCK_CAPTURE_AUTORELEASING = YES;
				CLANG_WARN_BOOL_CONVERSION = YES;
				CLANG_WARN_COMMA = YES;
				CLANG_WARN_CONSTANT_CONVERSION = YES;
				CLANG_WARN_DEPRECATED_OBJC_IMPLEMENTATIONS = YES;
				CLANG_WARN_DIRECT_OBJC_ISA_USAGE = YES_ERROR;
				CLANG_WARN_DOCUMENTATION_COMMENTS = YES;
				CLANG_WARN_EMPTY_BODY = YES;
				CLANG_WARN_ENUM_CONVERSION = YES;
				CLANG_WARN_INFINITE_RECURSION = YES;
				CLANG_WARN_INT_CONVERSION = YES;
				CLANG_WARN_NON_LITERAL_NULL_CONVERSION = YES;
				CLANG_WARN_OBJC_IMPLICIT_RETAIN_SELF = YES;
				CLANG_WARN_OBJC_LITERAL_CONVERSION = YES;
				CLANG_WARN_OBJC_ROOT_CLASS = YES_ERROR;
				CLANG_WARN_QUOTED_INCLUDE_IN_FRAMEWORK_HEADER = YES;
				CLANG_WARN_RANGE_LOOP_ANALYSIS = YES;
				CLANG_WARN_STRICT_PROTOTYPES = YES;
				CLANG_WARN_SUSPICIOUS_MOVE = YES;
				CLANG_WARN_UNGUARDED_AVAILABILITY = YES_AGGRESSIVE;
				CLANG_WARN_UNREACHABLE_CODE = YES;
				CLANG_WARN__DUPLICATE_METHOD_MATCH = YES;
				COPY_PHASE_STRIP = NO;
				DEBUG_INFORMATION_FORMAT = dwarf;
				ENABLE_STRICT_OBJC_MSGSEND = YES;
				ENABLE_TESTABILITY = YES;
				GCC_C_LANGUAGE_STANDARD = gnu11;
				GCC_DYNAMIC_NO_PIC = NO;
				GCC_NO_COMMON_BLOCKS = YES;
				GCC_OPTIMIZATION_LEVEL = 0;
				GCC_PREPROCESSOR_DEFINITIONS = (
					"DEBUG=1",
					"$(inherited)",
				);
				GCC_WARN_64_TO_32_BIT_CONVERSION = YES;
				GCC_WARN_ABOUT_RETURN_TYPE = YES_ERROR;
				GCC_WARN_UNDECLARED_SELECTOR = YES;
				GCC_WARN_UNINITIALIZED_AUTOS = YES_AGGRESSIVE;
				GCC_WARN_UNUSED_FUNCTION = YES;
				GCC_WARN_UNUSED_VARIABLE = YES;
				IPHONEOS_DEPLOYMENT_TARGET = 12.1;
				MTL_ENABLE_DEBUG_INFO = INCLUDE_SOURCE;
				MTL_FAST_MATH = YES;
				ONLY_ACTIVE_ARCH = YES;
				SDKROOT = iphoneos;
				SWIFT_ACTIVE_COMPILATION_CONDITIONS = DEBUG;
				SWIFT_OPTIMIZATION_LEVEL = "-Onone";
			};
			name = Debug;
		};
		AE7BAFA7267E1E1300110BBD /* Release */ = {
			isa = XCBuildConfiguration;
			buildSettings = {
				ALWAYS_SEARCH_USER_PATHS = NO;
				CLANG_ANALYZER_NONNULL = YES;
				CLANG_ANALYZER_NUMBER_OBJECT_CONVERSION = YES_AGGRESSIVE;
				CLANG_CXX_LANGUAGE_STANDARD = "gnu++14";
				CLANG_CXX_LIBRARY = "libc++";
				CLANG_ENABLE_MODULES = YES;
				CLANG_ENABLE_OBJC_ARC = YES;
				CLANG_ENABLE_OBJC_WEAK = YES;
				CLANG_WARN_BLOCK_CAPTURE_AUTORELEASING = YES;
				CLANG_WARN_BOOL_CONVERSION = YES;
				CLANG_WARN_COMMA = YES;
				CLANG_WARN_CONSTANT_CONVERSION = YES;
				CLANG_WARN_DEPRECATED_OBJC_IMPLEMENTATIONS = YES;
				CLANG_WARN_DIRECT_OBJC_ISA_USAGE = YES_ERROR;
				CLANG_WARN_DOCUMENTATION_COMMENTS = YES;
				CLANG_WARN_EMPTY_BODY = YES;
				CLANG_WARN_ENUM_CONVERSION = YES;
				CLANG_WARN_INFINITE_RECURSION = YES;
				CLANG_WARN_INT_CONVERSION = YES;
				CLANG_WARN_NON_LITERAL_NULL_CONVERSION = YES;
				CLANG_WARN_OBJC_IMPLICIT_RETAIN_SELF = YES;
				CLANG_WARN_OBJC_LITERAL_CONVERSION = YES;
				CLANG_WARN_OBJC_ROOT_CLASS = YES_ERROR;
				CLANG_WARN_QUOTED_INCLUDE_IN_FRAMEWORK_HEADER = YES;
				CLANG_WARN_RANGE_LOOP_ANALYSIS = YES;
				CLANG_WARN_STRICT_PROTOTYPES = YES;
				CLANG_WARN_SUSPICIOUS_MOVE = YES;
				CLANG_WARN_UNGUARDED_AVAILABILITY = YES_AGGRESSIVE;
				CLANG_WARN_UNREACHABLE_CODE = YES;
				CLANG_WARN__DUPLICATE_METHOD_MATCH = YES;
				COPY_PHASE_STRIP = NO;
				DEBUG_INFORMATION_FORMAT = "dwarf-with-dsym";
				ENABLE_NS_ASSERTIONS = NO;
				ENABLE_STRICT_OBJC_MSGSEND = YES;
				GCC_C_LANGUAGE_STANDARD = gnu11;
				GCC_NO_COMMON_BLOCKS = YES;
				GCC_WARN_64_TO_32_BIT_CONVERSION = YES;
				GCC_WARN_ABOUT_RETURN_TYPE = YES_ERROR;
				GCC_WARN_UNDECLARED_SELECTOR = YES;
				GCC_WARN_UNINITIALIZED_AUTOS = YES_AGGRESSIVE;
				GCC_WARN_UNUSED_FUNCTION = YES;
				GCC_WARN_UNUSED_VARIABLE = YES;
				IPHONEOS_DEPLOYMENT_TARGET = 12.1;
				MTL_ENABLE_DEBUG_INFO = NO;
				MTL_FAST_MATH = YES;
				SDKROOT = iphoneos;
				SWIFT_COMPILATION_MODE = wholemodule;
				SWIFT_OPTIMIZATION_LEVEL = "-O";
				VALIDATE_PRODUCT = YES;
			};
			name = Release;
		};
		AE7BAFA9267E1E1300110BBD /* Debug */ = {
			isa = XCBuildConfiguration;
			baseConfigurationReference = 32F2DA4939054281E243C127 /* Pods-RxMemo.debug.xcconfig */;
			buildSettings = {
				ASSETCATALOG_COMPILER_APPICON_NAME = AppIcon;
				ASSETCATALOG_COMPILER_GLOBAL_ACCENT_COLOR_NAME = AccentColor;
				CODE_SIGN_STYLE = Automatic;
				DEVELOPMENT_TEAM = WT8D76UX78;
				INFOPLIST_FILE = RxMemo/Info.plist;
				LD_RUNPATH_SEARCH_PATHS = (
					"$(inherited)",
					"@executable_path/Frameworks",
				);
				PRODUCT_BUNDLE_IDENTIFIER = com.destiny5u.RxMemo;
				PRODUCT_NAME = "$(TARGET_NAME)";
				SWIFT_VERSION = 5.0;
				TARGETED_DEVICE_FAMILY = "1,2";
			};
			name = Debug;
		};
		AE7BAFAA267E1E1300110BBD /* Release */ = {
			isa = XCBuildConfiguration;
			baseConfigurationReference = C19BB335A2A23749D25FFCA2 /* Pods-RxMemo.release.xcconfig */;
			buildSettings = {
				ASSETCATALOG_COMPILER_APPICON_NAME = AppIcon;
				ASSETCATALOG_COMPILER_GLOBAL_ACCENT_COLOR_NAME = AccentColor;
				CODE_SIGN_STYLE = Automatic;
				DEVELOPMENT_TEAM = WT8D76UX78;
				INFOPLIST_FILE = RxMemo/Info.plist;
				LD_RUNPATH_SEARCH_PATHS = (
					"$(inherited)",
					"@executable_path/Frameworks",
				);
				PRODUCT_BUNDLE_IDENTIFIER = com.destiny5u.RxMemo;
				PRODUCT_NAME = "$(TARGET_NAME)";
				SWIFT_VERSION = 5.0;
				TARGETED_DEVICE_FAMILY = "1,2";
			};
			name = Release;
		};
		AE7BAFAC267E1E1300110BBD /* Debug */ = {
			isa = XCBuildConfiguration;
			baseConfigurationReference = CB907CE9FE6E28F72855C5B7 /* Pods-RxMemoTests.debug.xcconfig */;
			buildSettings = {
				ALWAYS_EMBED_SWIFT_STANDARD_LIBRARIES = YES;
				BUNDLE_LOADER = "$(TEST_HOST)";
				CODE_SIGN_STYLE = Automatic;
				DEVELOPMENT_TEAM = WT8D76UX78;
				INFOPLIST_FILE = RxMemoTests/Info.plist;
				IPHONEOS_DEPLOYMENT_TARGET = 14.5;
				LD_RUNPATH_SEARCH_PATHS = (
					"$(inherited)",
					"@executable_path/Frameworks",
					"@loader_path/Frameworks",
				);
				PRODUCT_BUNDLE_IDENTIFIER = com.destiny5u.RxMemoTests;
				PRODUCT_NAME = "$(TARGET_NAME)";
				SWIFT_VERSION = 5.0;
				TARGETED_DEVICE_FAMILY = "1,2";
				TEST_HOST = "$(BUILT_PRODUCTS_DIR)/RxMemo.app/RxMemo";
			};
			name = Debug;
		};
		AE7BAFAD267E1E1300110BBD /* Release */ = {
			isa = XCBuildConfiguration;
			baseConfigurationReference = 488E16CBA7E150B32B93B88C /* Pods-RxMemoTests.release.xcconfig */;
			buildSettings = {
				ALWAYS_EMBED_SWIFT_STANDARD_LIBRARIES = YES;
				BUNDLE_LOADER = "$(TEST_HOST)";
				CODE_SIGN_STYLE = Automatic;
				DEVELOPMENT_TEAM = WT8D76UX78;
				INFOPLIST_FILE = RxMemoTests/Info.plist;
				IPHONEOS_DEPLOYMENT_TARGET = 14.5;
				LD_RUNPATH_SEARCH_PATHS = (
					"$(inherited)",
					"@executable_path/Frameworks",
					"@loader_path/Frameworks",
				);
				PRODUCT_BUNDLE_IDENTIFIER = com.destiny5u.RxMemoTests;
				PRODUCT_NAME = "$(TARGET_NAME)";
				SWIFT_VERSION = 5.0;
				TARGETED_DEVICE_FAMILY = "1,2";
				TEST_HOST = "$(BUILT_PRODUCTS_DIR)/RxMemo.app/RxMemo";
			};
			name = Release;
		};
		AE7BAFAF267E1E1300110BBD /* Debug */ = {
			isa = XCBuildConfiguration;
			baseConfigurationReference = 46603AC06C412669658D91EF /* Pods-RxMemo-RxMemoUITests.debug.xcconfig */;
			buildSettings = {
				ALWAYS_EMBED_SWIFT_STANDARD_LIBRARIES = YES;
				CODE_SIGN_STYLE = Automatic;
				DEVELOPMENT_TEAM = WT8D76UX78;
				INFOPLIST_FILE = RxMemoUITests/Info.plist;
				LD_RUNPATH_SEARCH_PATHS = (
					"$(inherited)",
					"@executable_path/Frameworks",
					"@loader_path/Frameworks",
				);
				PRODUCT_BUNDLE_IDENTIFIER = com.destiny5u.RxMemoUITests;
				PRODUCT_NAME = "$(TARGET_NAME)";
				SWIFT_VERSION = 5.0;
				TARGETED_DEVICE_FAMILY = "1,2";
				TEST_TARGET_NAME = RxMemo;
			};
			name = Debug;
		};
		AE7BAFB0267E1E1300110BBD /* Release */ = {
			isa = XCBuildConfiguration;
			baseConfigurationReference = 0895B71F2108EC446CDB03F0 /* Pods-RxMemo-RxMemoUITests.release.xcconfig */;
			buildSettings = {
				ALWAYS_EMBED_SWIFT_STANDARD_LIBRARIES = YES;
				CODE_SIGN_STYLE = Automatic;
				DEVELOPMENT_TEAM = WT8D76UX78;
				INFOPLIST_FILE = RxMemoUITests/Info.plist;
				LD_RUNPATH_SEARCH_PATHS = (
					"$(inherited)",
					"@executable_path/Frameworks",
					"@loader_path/Frameworks",
				);
				PRODUCT_BUNDLE_IDENTIFIER = com.destiny5u.RxMemoUITests;
				PRODUCT_NAME = "$(TARGET_NAME)";
				SWIFT_VERSION = 5.0;
				TARGETED_DEVICE_FAMILY = "1,2";
				TEST_TARGET_NAME = RxMemo;
			};
			name = Release;
		};
/* End XCBuildConfiguration section */

/* Begin XCConfigurationList section */
		AE7BAF76267E1E1200110BBD /* Build configuration list for PBXProject "RxMemo" */ = {
			isa = XCConfigurationList;
			buildConfigurations = (
				AE7BAFA6267E1E1300110BBD /* Debug */,
				AE7BAFA7267E1E1300110BBD /* Release */,
			);
			defaultConfigurationIsVisible = 0;
			defaultConfigurationName = Release;
		};
		AE7BAFA8267E1E1300110BBD /* Build configuration list for PBXNativeTarget "RxMemo" */ = {
			isa = XCConfigurationList;
			buildConfigurations = (
				AE7BAFA9267E1E1300110BBD /* Debug */,
				AE7BAFAA267E1E1300110BBD /* Release */,
			);
			defaultConfigurationIsVisible = 0;
			defaultConfigurationName = Release;
		};
		AE7BAFAB267E1E1300110BBD /* Build configuration list for PBXNativeTarget "RxMemoTests" */ = {
			isa = XCConfigurationList;
			buildConfigurations = (
				AE7BAFAC267E1E1300110BBD /* Debug */,
				AE7BAFAD267E1E1300110BBD /* Release */,
			);
			defaultConfigurationIsVisible = 0;
			defaultConfigurationName = Release;
		};
		AE7BAFAE267E1E1300110BBD /* Build configuration list for PBXNativeTarget "RxMemoUITests" */ = {
			isa = XCConfigurationList;
			buildConfigurations = (
				AE7BAFAF267E1E1300110BBD /* Debug */,
				AE7BAFB0267E1E1300110BBD /* Release */,
			);
			defaultConfigurationIsVisible = 0;
			defaultConfigurationName = Release;
		};
/* End XCConfigurationList section */

/* Begin XCVersionGroup section */
		AE7BAF87267E1E1200110BBD /* RxMemo.xcdatamodeld */ = {
			isa = XCVersionGroup;
			children = (
				AE7BAF88267E1E1200110BBD /* RxMemo.xcdatamodel */,
			);
			currentVersion = AE7BAF88267E1E1200110BBD /* RxMemo.xcdatamodel */;
			path = RxMemo.xcdatamodeld;
			sourceTree = "<group>";
			versionGroupType = wrapper.xcdatamodel;
		};
/* End XCVersionGroup section */
	};
	rootObject = AE7BAF73267E1E1200110BBD /* Project object */;
}
